PODS:
  - Cuckoo (1.3.2):
    - Cuckoo/Swift (= 1.3.2)
  - Cuckoo/Swift (1.3.2)
  - iOSSnapshotTestCase (6.2.0):
    - iOSSnapshotTestCase/SwiftSupport (= 6.2.0)
  - iOSSnapshotTestCase/Core (6.2.0)
  - iOSSnapshotTestCase/SwiftSupport (6.2.0):
    - iOSSnapshotTestCase/Core
  - Nimble (8.0.5)
  - Nimble-Snapshots (8.2.0):
    - Nimble-Snapshots/Core (= 8.2.0)
  - Nimble-Snapshots/Core (8.2.0):
    - iOSSnapshotTestCase (~> 6.0)
    - Nimble (~> 8.0)
  - Quick (2.2.0)

DEPENDENCIES:
  - Cuckoo
  - Nimble
  - Nimble-Snapshots
  - Quick

SPEC REPOS:
  trunk:
    - Cuckoo
    - iOSSnapshotTestCase
    - Nimble
    - Nimble-Snapshots
    - Quick

SPEC CHECKSUMS:
  Cuckoo: 57f71c6616b6b08cd9fe27f803da056fb619ff3e
  iOSSnapshotTestCase: 9ab44cb5aa62b84d31847f40680112e15ec579a6
  Nimble: 4ab1aeb9b45553c75b9687196b0fa0713170a332
  Nimble-Snapshots: 7a1133b2dcce853ecdf1026f0a17fedf03bc41c9
  Quick: 7fb19e13be07b5dfb3b90d4f9824c855a11af40e

PODFILE CHECKSUM: 119aa24049a9b785029ab14e160f3b25a567fc75

COCOAPODS: 1.8.4
